// !$*UTF8*$!
{
	archiveVersion = 1;
	classes = {
	};
	objectVersion = 46;
	objects = {

/* Begin PBXBuildFile section */
		0ED1FF8BFD4676B1BA20C6DB /* Pods_FTImageViewer.framework in Frameworks */ = {isa = PBXBuildFile; fileRef = D574693CD472A2AB7A0B6252 /* Pods_FTImageViewer.framework */; };
		2AE3CCF61DBDD12E005EF3EC /* AppDelegate.swift in Sources */ = {isa = PBXBuildFile; fileRef = 2AE3CCF51DBDD12E005EF3EC /* AppDelegate.swift */; };
		2AE3CCF81DBDD12E005EF3EC /* ViewController.swift in Sources */ = {isa = PBXBuildFile; fileRef = 2AE3CCF71DBDD12E005EF3EC /* ViewController.swift */; };
		2AE3CCFB1DBDD12E005EF3EC /* Main.storyboard in Resources */ = {isa = PBXBuildFile; fileRef = 2AE3CCF91DBDD12E005EF3EC /* Main.storyboard */; };
		2AE3CCFD1DBDD12E005EF3EC /* Assets.xcassets in Resources */ = {isa = PBXBuildFile; fileRef = 2AE3CCFC1DBDD12E005EF3EC /* Assets.xcassets */; };
		2AE3CD001DBDD12F005EF3EC /* LaunchScreen.storyboard in Resources */ = {isa = PBXBuildFile; fileRef = 2AE3CCFE1DBDD12F005EF3EC /* LaunchScreen.storyboard */; };
/* End PBXBuildFile section */

/* Begin PBXFileReference section */
		2AE3CCF21DBDD12E005EF3EC /* FTImageViewer.app */ = {isa = PBXFileReference; explicitFileType = wrapper.application; includeInIndex = 0; path = FTImageViewer.app; sourceTree = BUILT_PRODUCTS_DIR; };
		2AE3CCF51DBDD12E005EF3EC /* AppDelegate.swift */ = {isa = PBXFileReference; lastKnownFileType = sourcecode.swift; path = AppDelegate.swift; sourceTree = "<group>"; };
		2AE3CCF71DBDD12E005EF3EC /* ViewController.swift */ = {isa = PBXFileReference; lastKnownFileType = sourcecode.swift; path = ViewController.swift; sourceTree = "<group>"; };
		2AE3CCFA1DBDD12E005EF3EC /* Base */ = {isa = PBXFileReference; lastKnownFileType = file.storyboard; name = Base; path = Base.lproj/Main.storyboard; sourceTree = "<group>"; };
		2AE3CCFC1DBDD12E005EF3EC /* Assets.xcassets */ = {isa = PBXFileReference; lastKnownFileType = folder.assetcatalog; path = Assets.xcassets; sourceTree = "<group>"; };
		2AE3CCFF1DBDD12F005EF3EC /* Base */ = {isa = PBXFileReference; lastKnownFileType = file.storyboard; name = Base; path = Base.lproj/LaunchScreen.storyboard; sourceTree = "<group>"; };
		2AE3CD011DBDD12F005EF3EC /* Info.plist */ = {isa = PBXFileReference; lastKnownFileType = text.plist.xml; path = Info.plist; sourceTree = "<group>"; };
		3F5263690BB5AB1AF3A67D4E /* Pods-FTImageViewer.debug.xcconfig */ = {isa = PBXFileReference; includeInIndex = 1; lastKnownFileType = text.xcconfig; name = "Pods-FTImageViewer.debug.xcconfig"; path = "Pods/Target Support Files/Pods-FTImageViewer/Pods-FTImageViewer.debug.xcconfig"; sourceTree = "<group>"; };
		97E9FFA1C0D660785DC8B1B0 /* Pods-FTImageViewer.release.xcconfig */ = {isa = PBXFileReference; includeInIndex = 1; lastKnownFileType = text.xcconfig; name = "Pods-FTImageViewer.release.xcconfig"; path = "Pods/Target Support Files/Pods-FTImageViewer/Pods-FTImageViewer.release.xcconfig"; sourceTree = "<group>"; };
		D574693CD472A2AB7A0B6252 /* Pods_FTImageViewer.framework */ = {isa = PBXFileReference; explicitFileType = wrapper.framework; includeInIndex = 0; path = Pods_FTImageViewer.framework; sourceTree = BUILT_PRODUCTS_DIR; };
/* End PBXFileReference section */

/* Begin PBXFrameworksBuildPhase section */
		2AE3CCEF1DBDD12E005EF3EC /* Frameworks */ = {
			isa = PBXFrameworksBuildPhase;
			buildActionMask = 2147483647;
			files = (
				0ED1FF8BFD4676B1BA20C6DB /* Pods_FTImageViewer.framework in Frameworks */,
			);
			runOnlyForDeploymentPostprocessing = 0;
		};
/* End PBXFrameworksBuildPhase section */

/* Begin PBXGroup section */
		2AE3CCE91DBDD12E005EF3EC = {
			isa = PBXGroup;
			children = (
				2AE3CCF41DBDD12E005EF3EC /* FTImageViewer */,
				2AE3CCF31DBDD12E005EF3EC /* Products */,
				394B0C54425A2A25938B58DC /* Pods */,
				5FA0CB22B190F8D0AE6DADF4 /* Frameworks */,
			);
			sourceTree = "<group>";
		};
		2AE3CCF31DBDD12E005EF3EC /* Products */ = {
			isa = PBXGroup;
			children = (
				2AE3CCF21DBDD12E005EF3EC /* FTImageViewer.app */,
			);
			name = Products;
			sourceTree = "<group>";
		};
		2AE3CCF41DBDD12E005EF3EC /* FTImageViewer */ = {
			isa = PBXGroup;
			children = (
				2AE3CCF51DBDD12E005EF3EC /* AppDelegate.swift */,
				2AE3CCF71DBDD12E005EF3EC /* ViewController.swift */,
				2AE3CCF91DBDD12E005EF3EC /* Main.storyboard */,
				2AE3CCFC1DBDD12E005EF3EC /* Assets.xcassets */,
				2AE3CCFE1DBDD12F005EF3EC /* LaunchScreen.storyboard */,
				2AE3CD011DBDD12F005EF3EC /* Info.plist */,
			);
			path = FTImageViewer;
			sourceTree = "<group>";
		};
		394B0C54425A2A25938B58DC /* Pods */ = {
			isa = PBXGroup;
			children = (
				3F5263690BB5AB1AF3A67D4E /* Pods-FTImageViewer.debug.xcconfig */,
				97E9FFA1C0D660785DC8B1B0 /* Pods-FTImageViewer.release.xcconfig */,
			);
			name = Pods;
			sourceTree = "<group>";
		};
		5FA0CB22B190F8D0AE6DADF4 /* Frameworks */ = {
			isa = PBXGroup;
			children = (
				D574693CD472A2AB7A0B6252 /* Pods_FTImageViewer.framework */,
			);
			name = Frameworks;
			sourceTree = "<group>";
		};
/* End PBXGroup section */

/* Begin PBXNativeTarget section */
		2AE3CCF11DBDD12E005EF3EC /* FTImageViewer */ = {
			isa = PBXNativeTarget;
			buildConfigurationList = 2AE3CD041DBDD12F005EF3EC /* Build configuration list for PBXNativeTarget "FTImageViewer" */;
			buildPhases = (
				DEDC1E87E543FF986A00B891 /* [CP] Check Pods Manifest.lock */,
				2AE3CCEE1DBDD12E005EF3EC /* Sources */,
				2AE3CCEF1DBDD12E005EF3EC /* Frameworks */,
				2AE3CCF01DBDD12E005EF3EC /* Resources */,
				A57DDAF723B0F58273CB894E /* [CP] Embed Pods Frameworks */,
				6BDF3B234876075AC3BD6431 /* [CP] Copy Pods Resources */,
			);
			buildRules = (
			);
			dependencies = (
			);
			name = FTImageViewer;
			productName = FTImageViewer;
			productReference = 2AE3CCF21DBDD12E005EF3EC /* FTImageViewer.app */;
			productType = "com.apple.product-type.application";
		};
/* End PBXNativeTarget section */

/* Begin PBXProject section */
		2AE3CCEA1DBDD12E005EF3EC /* Project object */ = {
			isa = PBXProject;
			attributes = {
				LastSwiftUpdateCheck = 0800;
				LastUpgradeCheck = 0800;
				ORGANIZATIONNAME = LiuFengting;
				TargetAttributes = {
					2AE3CCF11DBDD12E005EF3EC = {
						CreatedOnToolsVersion = 8.0;
						DevelopmentTeam = E83AC9WR2F;
						ProvisioningStyle = Automatic;
					};
				};
			};
			buildConfigurationList = 2AE3CCED1DBDD12E005EF3EC /* Build configuration list for PBXProject "FTImageViewer" */;
			compatibilityVersion = "Xcode 3.2";
			developmentRegion = English;
			hasScannedForEncodings = 0;
			knownRegions = (
				en,
				Base,
			);
			mainGroup = 2AE3CCE91DBDD12E005EF3EC;
			productRefGroup = 2AE3CCF31DBDD12E005EF3EC /* Products */;
			projectDirPath = "";
			projectRoot = "";
			targets = (
				2AE3CCF11DBDD12E005EF3EC /* FTImageViewer */,
			);
		};
/* End PBXProject section */

/* Begin PBXResourcesBuildPhase section */
		2AE3CCF01DBDD12E005EF3EC /* Resources */ = {
			isa = PBXResourcesBuildPhase;
			buildActionMask = 2147483647;
			files = (
				2AE3CD001DBDD12F005EF3EC /* LaunchScreen.storyboard in Resources */,
				2AE3CCFD1DBDD12E005EF3EC /* Assets.xcassets in Resources */,
				2AE3CCFB1DBDD12E005EF3EC /* Main.storyboard in Resources */,
			);
			runOnlyForDeploymentPostprocessing = 0;
		};
/* End PBXResourcesBuildPhase section */

/* Begin PBXShellScriptBuildPhase section */
		6BDF3B234876075AC3BD6431 /* [CP] Copy Pods Resources */ = {
			isa = PBXShellScriptBuildPhase;
			buildActionMask = 2147483647;
			files = (
			);
			inputPaths = (
			);
			name = "[CP] Copy Pods Resources";
			outputPaths = (
			);
			runOnlyForDeploymentPostprocessing = 0;
			shellPath = /bin/sh;
			shellScript = "\"${SRCROOT}/Pods/Target Support Files/Pods-FTImageViewer/Pods-FTImageViewer-resources.sh\"\n";
			showEnvVarsInLog = 0;
		};
		A57DDAF723B0F58273CB894E /* [CP] Embed Pods Frameworks */ = {
			isa = PBXShellScriptBuildPhase;
			buildActionMask = 2147483647;
			files = (
			);
			inputPaths = (
			);
			name = "[CP] Embed Pods Frameworks";
			outputPaths = (
			);
			runOnlyForDeploymentPostprocessing = 0;
			shellPath = /bin/sh;
			shellScript = "\"${SRCROOT}/Pods/Target Support Files/Pods-FTImageViewer/Pods-FTImageViewer-frameworks.sh\"\n";
			showEnvVarsInLog = 0;
		};
		DEDC1E87E543FF986A00B891 /* [CP] Check Pods Manifest.lock */ = {
			isa = PBXShellScriptBuildPhase;
			buildActionMask = 2147483647;
			files = (
			);
			inputPaths = (
			);
			name = "[CP] Check Pods Manifest.lock";
			outputPaths = (
			);
			runOnlyForDeploymentPostprocessing = 0;
			shellPath = /bin/sh;
			shellScript = "diff \"${PODS_ROOT}/../Podfile.lock\" \"${PODS_ROOT}/Manifest.lock\" > /dev/null\nif [ $? != 0 ] ; then\n    # print error to STDERR\n    echo \"error: The sandbox is not in sync with the Podfile.lock. Run 'pod install' or update your CocoaPods installation.\" >&2\n    exit 1\nfi\n";
			showEnvVarsInLog = 0;
		};
/* End PBXShellScriptBuildPhase section */

/* Begin PBXSourcesBuildPhase section */
		2AE3CCEE1DBDD12E005EF3EC /* Sources */ = {
			isa = PBXSourcesBuildPhase;
			buildActionMask = 2147483647;
			files = (
				2AE3CCF81DBDD12E005EF3EC /* ViewController.swift in Sources */,
				2AE3CCF61DBDD12E005EF3EC /* AppDelegate.swift in Sources */,
			);
			runOnlyForDeploymentPostprocessing = 0;
		};
/* End PBXSourcesBuildPhase section */

/* Begin PBXVariantGroup section */
		2AE3CCF91DBDD12E005EF3EC /* Main.storyboard */ = {
			isa = PBXVariantGroup;
			children = (
				2AE3CCFA1DBDD12E005EF3EC /* Base */,
			);
			name = Main.storyboard;
			sourceTree = "<group>";
		};
		2AE3CCFE1DBDD12F005EF3EC /* LaunchScreen.storyboard */ = {
			isa = PBXVariantGroup;
			children = (
				2AE3CCFF1DBDD12F005EF3EC /* Base */,
			);
			name = LaunchScreen.storyboard;
			sourceTree = "<group>";
		};
/* End PBXVariantGroup section */

/* Begin XCBuildConfiguration section */
		2AE3CD021DBDD12F005EF3EC /* Debug */ = {
			isa = XCBuildConfiguration;
			buildSettings = {
				ALWAYS_SEARCH_USER_PATHS = NO;
				CLANG_ANALYZER_NONNULL = YES;
				CLANG_CXX_LANGUAGE_STANDARD = "gnu++0x";
				CLANG_CXX_LIBRARY = "libc++";
				CLANG_ENABLE_MODULES = YES;
				CLANG_ENABLE_OBJC_ARC = YES;
				CLANG_WARN_BOOL_CONVERSION = YES;
				CLANG_WARN_CONSTANT_CONVERSION = YES;
				CLANG_WARN_DIRECT_OBJC_ISA_USAGE = YES_ERROR;
				CLANG_WARN_DOCUMENTATION_COMMENTS = YES;
				CLANG_WARN_EMPTY_BODY = YES;
				CLANG_WARN_ENUM_CONVERSION = YES;
				CLANG_WARN_INFINITE_RECURSION = YES;
				CLANG_WARN_INT_CONVERSION = YES;
				CLANG_WARN_OBJC_ROOT_CLASS = YES_ERROR;
				CLANG_WARN_SUSPICIOUS_MOVES = YES;
				CLANG_WARN_UNREACHABLE_CODE = YES;
				CLANG_WARN__DUPLICATE_METHOD_MATCH = YES;
				"CODE_SIGN_IDENTITY[sdk=iphoneos*]" = "iPhone Developer";
				COPY_PHASE_STRIP = NO;
				DEBUG_INFORMATION_FORMAT = dwarf;
				ENABLE_STRICT_OBJC_MSGSEND = YES;
				ENABLE_TESTABILITY = YES;
				GCC_C_LANGUAGE_STANDARD = gnu99;
				GCC_DYNAMIC_NO_PIC = NO;
				GCC_NO_COMMON_BLOCKS = YES;
				GCC_OPTIMIZATION_LEVEL = 0;
				GCC_PREPROCESSOR_DEFINITIONS = (
					"DEBUG=1",
					"$(inherited)",
				);
				GCC_WARN_64_TO_32_BIT_CONVERSION = YES;
				GCC_WARN_ABOUT_RETURN_TYPE = YES_ERROR;
				GCC_WARN_UNDECLARED_SELECTOR = YES;
				GCC_WARN_UNINITIALIZED_AUTOS = YES_AGGRESSIVE;
				GCC_WARN_UNUSED_FUNCTION = YES;
				GCC_WARN_UNUSED_VARIABLE = YES;
				IPHONEOS_DEPLOYMENT_TARGET = 10.0;
				MTL_ENABLE_DEBUG_INFO = YES;
				ONLY_ACTIVE_ARCH = YES;
				SDKROOT = iphoneos;
				SWIFT_ACTIVE_COMPILATION_CONDITIONS = DEBUG;
				SWIFT_OPTIMIZATION_LEVEL = "-Onone";
			};
			name = Debug;
		};
		2AE3CD031DBDD12F005EF3EC /* Release */ = {
			isa = XCBuildConfiguration;
			buildSettings = {
				ALWAYS_SEARCH_USER_PATHS = NO;
				CLANG_ANALYZER_NONNULL = YES;
				CLANG_CXX_LANGUAGE_STANDARD = "gnu++0x";
				CLANG_CXX_LIBRARY = "libc++";
				CLANG_ENABLE_MODULES = YES;
				CLANG_ENABLE_OBJC_ARC = YES;
				CLANG_WARN_BOOL_CONVERSION = YES;
				CLANG_WARN_CONSTANT_CONVERSION = YES;
				CLANG_WARN_DIRECT_OBJC_ISA_USAGE = YES_ERROR;
				CLANG_WARN_DOCUMENTATION_COMMENTS = YES;
				CLANG_WARN_EMPTY_BODY = YES;
				CLANG_WARN_ENUM_CONVERSION = YES;
				CLANG_WARN_INFINITE_RECURSION = YES;
				CLANG_WARN_INT_CONVERSION = YES;
				CLANG_WARN_OBJC_ROOT_CLASS = YES_ERROR;
				CLANG_WARN_SUSPICIOUS_MOVES = YES;
				CLANG_WARN_UNREACHABLE_CODE = YES;
				CLANG_WARN__DUPLICATE_METHOD_MATCH = YES;
				"CODE_SIGN_IDENTITY[sdk=iphoneos*]" = "iPhone Developer";
				COPY_PHASE_STRIP = NO;
				DEBUG_INFORMATION_FORMAT = "dwarf-with-dsym";
				ENABLE_NS_ASSERTIONS = NO;
				ENABLE_STRICT_OBJC_MSGSEND = YES;
				GCC_C_LANGUAGE_STANDARD = gnu99;
				GCC_NO_COMMON_BLOCKS = YES;
				GCC_WARN_64_TO_32_BIT_CONVERSION = YES;
				GCC_WARN_ABOUT_RETURN_TYPE = YES_ERROR;
				GCC_WARN_UNDECLARED_SELECTOR = YES;
				GCC_WARN_UNINITIALIZED_AUTOS = YES_AGGRESSIVE;
				GCC_WARN_UNUSED_FUNCTION = YES;
				GCC_WARN_UNUSED_VARIABLE = YES;
				IPHONEOS_DEPLOYMENT_TARGET = 10.0;
				MTL_ENABLE_DEBUG_INFO = NO;
				SDKROOT = iphoneos;
				SWIFT_OPTIMIZATION_LEVEL = "-Owholemodule";
				VALIDATE_PRODUCT = YES;
			};
			name = Release;
		};
		2AE3CD051DBDD12F005EF3EC /* Debug */ = {
			isa = XCBuildConfiguration;
			baseConfigurationReference = 3F5263690BB5AB1AF3A67D4E /* Pods-FTImageViewer.debug.xcconfig */;
			buildSettings = {
				ASSETCATALOG_COMPILER_APPICON_NAME = AppIcon;
				DEVELOPMENT_TEAM = E83AC9WR2F;
				INFOPLIST_FILE = FTImageViewer/Info.plist;
				LD_RUNPATH_SEARCH_PATHS = "$(inherited) @executable_path/Frameworks";
				PRODUCT_BUNDLE_IDENTIFIER = com.liufengting.FTImageViewer;
				PRODUCT_NAME = "$(TARGET_NAME)";
				SWIFT_VERSION = 3.0;
			};
			name = Debug;
		};
		2AE3CD061DBDD12F005EF3EC /* Release */ = {
			isa = XCBuildConfiguration;
			baseConfigurationReference = 97E9FFA1C0D660785DC8B1B0 /* Pods-FTImageViewer.release.xcconfig */;
			buildSettings = {
				ASSETCATALOG_COMPILER_APPICON_NAME = AppIcon;
				DEVELOPMENT_TEAM = E83AC9WR2F;
				INFOPLIST_FILE = FTImageViewer/Info.plist;
				LD_RUNPATH_SEARCH_PATHS = "$(inherited) @executable_path/Frameworks";
				PRODUCT_BUNDLE_IDENTIFIER = com.liufengting.FTImageViewer;
				PRODUCT_NAME = "$(TARGET_NAME)";
				SWIFT_VERSION = 3.0;
			};
			name = Release;
		};
/* End XCBuildConfiguration section */

/* Begin XCConfigurationList section */
		2AE3CCED1DBDD12E005EF3EC /* Build configuration list for PBXProject "FTImageViewer" */ = {
			isa = XCConfigurationList;
			buildConfigurations = (
				2AE3CD021DBDD12F005EF3EC /* Debug */,
				2AE3CD031DBDD12F005EF3EC /* Release */,
			);
			defaultConfigurationIsVisible = 0;
			defaultConfigurationName = Release;
		};
		2AE3CD041DBDD12F005EF3EC /* Build configuration list for PBXNativeTarget "FTImageViewer" */ = {
			isa = XCConfigurationList;
			buildConfigurations = (
				2AE3CD051DBDD12F005EF3EC /* Debug */,
				2AE3CD061DBDD12F005EF3EC /* Release */,
			);
			defaultConfigurationIsVisible = 0;
			defaultConfigurationName = Release;
		};
/* End XCConfigurationList section */
	};
	rootObject = 2AE3CCEA1DBDD12E005EF3EC /* Project object */;
}
